{
  "name": "auto-merge-repo-test",
  "lockfileVersion": 3,
  "requires": true,
  "packages": {
    "": {
      "dependencies": {
        "aws-sdk": "2.0.1"
      },
      "devDependencies": {}
    },
    "node_modules/agentkeepalive": {
      "version": "0.2.2",
      "resolved": "https://registry.npmjs.org/agentkeepalive/-/agentkeepalive-0.2.2.tgz",
      "integrity": "sha512-uJME0a1lriSJFTz4Q1cDQKIc69oHfjF5LOKGESHgW4BbTOuSFlEUtaVzkUhkMf8vO9hYJKGQtjpfYlVKNwwfqQ==",
      "engines": {
        "node": ">= 0.8.0"
      }
    },
    "node_modules/aws-sdk": {
      "version": "2.0.1",
      "resolved": "https://registry.npmjs.org/aws-sdk/-/aws-sdk-2.0.1.tgz",
      "integrity": "sha512-BI5ohD3lHEm2Es3jIpYAFHnzohdVvYeGpDJd0S+HE0GcH6Y9q1QziRQGmAiQWvX1lred5We7bhnVGGdz8Sb/0g==",
      "dependencies": {
        "agentkeepalive": "0.2.2",
        "aws-sdk-apis": "3.x",
        "xml2js": "0.2.6",
        "xmlbuilder": "0.4.2"
      },
      "engines": {
        "node": ">= 0.6.0"
      }
    },
    "node_modules/aws-sdk-apis": {
      "version": "3.1.10",
      "resolved": "https://registry.npmjs.org/aws-sdk-apis/-/aws-sdk-apis-3.1.10.tgz",
      "integrity": "sha512-YfXgzjJA5AaONqS6+eSRg0CaBQKpSYTAB4mAxp7pApu49VwOWcpvTyt9uck7oCHOQcvZw/tdw3fJCS+qjZivtw=="
    },
    "node_modules/aws-sdk/node_modules/sax": {
      "version": "0.4.2",
      "resolved": "https://registry.npmjs.org/sax/-/sax-0.4.2.tgz",
      "integrity": "sha512-6Zsl4gnHjiTQfrOzsWdc0bHJepF5KJAVuM5fcyEJrqGyszkx2c55IclWP4D692rJrl1w0tExhbvYKjKNZl5wHg=="
    },
    "node_modules/aws-sdk/node_modules/xml2js": {
      "version": "0.2.6",
      "resolved": "https://registry.npmjs.org/xml2js/-/xml2js-0.2.6.tgz",
      "integrity": "sha512-h+Nzgo0eLwideldZGqSquNtrsuX5zcDREImBa1GSNw9QljlXiFcM3E1kWjLprRjJe2jRuvnVk0j3WgQo9Deoog==",
      "dependencies": {
        "sax": "0.4.2"
      }
    },
    "node_modules/aws-sdk/node_modules/xmlbuilder": {
      "version": "0.4.2",
      "resolved": "https://registry.npmjs.org/xmlbuilder/-/xmlbuilder-0.4.2.tgz",
      "integrity": "sha512-h/+ncQQSU/iYycmI2wTN25t7RYN7O2oq9uvI+2+UObi4KcmQh/jUS4N31g5vJttQt7MODsnmBtbcll3YbNyvfw==",
      "engines": {
        "node": ">=0.2.0"
      }
    }
  }
}
