{
  "name": "auto-merge-repo-test",
  "lockfileVersion": 3,
  "requires": true,
  "packages": {
    "": {
      "dependencies": {
        "aws-amplify": "1.0.6"
      },
      "devDependencies": {}
    },
    "node_modules/@aws-amplify/analytics": {
      "version": "1.4.3",
      "resolved": "https://registry.npmjs.org/@aws-amplify/analytics/-/analytics-1.4.3.tgz",
      "integrity": "sha512-rgZwbNNPOqhQCGWy2qTT+wyLMveqXuQbZXVa7IRmRHMuuuZiCcI+QLNI+9Yg9CmYg6ISVYSSwYx06gGP5B6N0A==",
      "dependencies": {
        "@aws-amplify/cache": "^1.2.3",
        "@aws-amplify/core": "^1.3.3",
        "uuid": "^3.2.1"
      }
    },
    "node_modules/@aws-amplify/api": {
      "version": "1.3.3",
      "resolved": "https://registry.npmjs.org/@aws-amplify/api/-/api-1.3.3.tgz",
      "integrity": "sha512-d0+x+DzUoDzjdSL3v0d2GglFqApC7c8qgGPXW1SySKZU53byCEJ/ipNBAdjh46BDxx+l0pWaz55OwvTnYMQs9w==",
      "dependencies": {
        "@aws-amplify/auth": "^1.6.3",
        "@aws-amplify/cache": "^1.2.3",
        "@aws-amplify/core": "^1.3.3",
        "@types/zen-observable": "^0.5.3",
        "axios": "^0.19.0",
        "graphql": "14.0.0",
        "uuid": "^3.2.1",
        "zen-observable": "^0.8.6"
      }
    },
    "node_modules/@aws-amplify/auth": {
      "version": "1.6.3",
      "resolved": "https://registry.npmjs.org/@aws-amplify/auth/-/auth-1.6.3.tgz",
      "integrity": "sha512-yJEknYhBo9/Uc9/am6kPOoN9ybjrS+cvJzHpYsNnqACjD20cF1lTWALXcgvs0WNylQ8o6PfHcUe5uymyadyXSg==",
      "dependencies": {
        "@aws-amplify/cache": "^1.2.3",
        "@aws-amplify/core": "^1.3.3",
        "amazon-cognito-identity-js": "^3.3.3",
        "crypto-js": "^3.1.9-1"
      }
    },
    "node_modules/@aws-amplify/cache": {
      "version": "1.2.3",
      "resolved": "https://registry.npmjs.org/@aws-amplify/cache/-/cache-1.2.3.tgz",
      "integrity": "sha512-kd4IrBUM+fhZlx2mzO7SvU07lEtnopV2zEXUUxyAHoP98DInSTlTJSg4mIbeaBqaVS0Ltmt39UJkJJMgLrXRyQ==",
      "dependencies": {
        "@aws-amplify/core": "^1.3.3"
      }
    },
    "node_modules/@aws-amplify/core": {
      "version": "1.3.3",
      "resolved": "https://registry.npmjs.org/@aws-amplify/core/-/core-1.3.3.tgz",
      "integrity": "sha512-NyJii+PvZ1Sb1j7w1XWJpRr9nDjB60bjb+FspCRAWjdwlxgVgpCQdhXE4F4teUtLUd22Po2boxLkyhKnuI0jwg==",
      "dependencies": {
        "aws-sdk": "2.518.0",
        "url": "^0.11.0"
      }
    },
    "node_modules/@aws-amplify/interactions": {
      "version": "1.2.3",
      "resolved": "https://registry.npmjs.org/@aws-amplify/interactions/-/interactions-1.2.3.tgz",
      "integrity": "sha512-71WRgKv4+LF8Di4V9LM4Xc6Ef4PtmAEp2BGN7dlK+vRWTrdcVFM4aJD5h6A36HEbORb9OMCVbLOdwvs+6I7KgA==",
      "dependencies": {
        "@aws-amplify/core": "^1.3.3"
      }
    },
    "node_modules/@aws-amplify/pubsub": {
      "version": "1.3.3",
      "resolved": "https://registry.npmjs.org/@aws-amplify/pubsub/-/pubsub-1.3.3.tgz",
      "integrity": "sha512-xdKWhhNFFUDrZ8d8RbLrpXW5vwbTolH1vVz5ulIr5gghV7I/+KquNSebCF9g3maA1MwjSAvWViwgt2yHH2Sj4Q==",
      "dependencies": {
        "@aws-amplify/core": "^1.3.3",
        "@types/zen-observable": "^0.5.3",
        "paho-mqtt": "^1.1.0",
        "uuid": "^3.2.1",
        "zen-observable": "^0.8.6"
      }
    },
    "node_modules/@aws-amplify/storage": {
      "version": "1.3.3",
      "resolved": "https://registry.npmjs.org/@aws-amplify/storage/-/storage-1.3.3.tgz",
      "integrity": "sha512-CZO76XYA538U+wSS7IoNQkhP5qgfjIXawc011yigSVbN5+g7Bky5+fY6++XOA9+v3rATYq1wWkbhyro6tss3oA==",
      "dependencies": {
        "@aws-amplify/core": "^1.3.3"
      }
    },
    "node_modules/@types/zen-observable": {
      "version": "0.5.4",
      "resolved": "https://registry.npmjs.org/@types/zen-observable/-/zen-observable-0.5.4.tgz",
      "integrity": "sha512-sW6xN96wUak4tgc89d0tbTg7QDGYhGv5hvQIS6h4mRCd8h2btiZ80loPU8cyLwsBbA4ZeQt0FjvUhJ4rNhdsGg=="
    },
    "node_modules/amazon-cognito-identity-js": {
      "version": "3.3.3",
      "resolved": "https://registry.npmjs.org/amazon-cognito-identity-js/-/amazon-cognito-identity-js-3.3.3.tgz",
      "integrity": "sha512-uB1Bk2ezxVUz0vELZ4tI40ZJEYEZZcWdz8TVyNOPjQCKS+SszNUORTkOkL0KgawZMak7KhDfLTEXbInBeTsiow==",
      "dependencies": {
        "buffer": "4.9.1",
        "crypto-js": "^3.1.9-1",
        "js-cookie": "^2.1.4"
      }
    },
    "node_modules/aws-amplify": {
      "version": "1.0.6",
      "resolved": "https://registry.npmjs.org/aws-amplify/-/aws-amplify-1.0.6.tgz",
      "integrity": "sha512-jCUw6mLdaAk1UsfWUMiTEScL9/l/7CfyLcv5cyUZDwqU4Jc/NWAeWuBbfSFUhvzd7lUHATJK19N6Qng1kwZQKQ==",
      "dependencies": {
        "@aws-amplify/analytics": "^1.0.5",
        "@aws-amplify/api": "^1.0.6",
        "@aws-amplify/auth": "^1.0.6",
        "@aws-amplify/cache": "^1.0.5",
        "@aws-amplify/core": "^1.0.5",
        "@aws-amplify/interactions": "^1.0.5",
        "@aws-amplify/pubsub": "^1.0.5",
        "@aws-amplify/storage": "^1.0.5"
      }
    },
    "node_modules/aws-sdk": {
      "version": "2.518.0",
      "resolved": "https://registry.npmjs.org/aws-sdk/-/aws-sdk-2.518.0.tgz",
      "integrity": "sha512-hwtKKf93TFyd3qugDW54ElpkUXhPe+ArPIHadre6IAFjCJiv08L8DaZKLRyclDnKfTavKe+f/PhdSEYo1QUHiA==",
      "dependencies": {
        "buffer": "4.9.1",
        "events": "1.1.1",
        "ieee754": "1.1.8",
        "jmespath": "0.15.0",
        "querystring": "0.2.0",
        "sax": "1.2.1",
        "url": "0.10.3",
        "uuid": "3.3.2",
        "xml2js": "0.4.19"
      },
      "engines": {
        "node": ">= 0.8.0"
      }
    },
    "node_modules/aws-sdk/node_modules/url": {
      "version": "0.10.3",
      "resolved": "https://registry.npmjs.org/url/-/url-0.10.3.tgz",
      "integrity": "sha512-hzSUW2q06EqL1gKM/a+obYHLIO6ct2hwPuviqTTOcfFVc61UbfJ2Q32+uGL/HCPxKqrdGB5QUwIe7UqlDgwsOQ==",
      "dependencies": {
        "punycode": "1.3.2",
        "querystring": "0.2.0"
      }
    },
    "node_modules/aws-sdk/node_modules/uuid": {
      "version": "3.3.2",
      "resolved": "https://registry.npmjs.org/uuid/-/uuid-3.3.2.tgz",
      "integrity": "sha512-yXJmeNaw3DnnKAOKJE51sL/ZaYfWJRl1pK9dr19YFCu0ObS231AB1/LbqTKRAQ5kw8A90rA6fr4riOUpTZvQZA==",
      "deprecated": "Please upgrade  to version 7 or higher.  Older versions may use Math.random() in certain circumstances, which is known to be problematic.  See https://v8.dev/blog/math-random for details.",
      "bin": {
        "uuid": "bin/uuid"
      }
    },
    "node_modules/axios": {
      "version": "0.19.2",
      "resolved": "https://registry.npmjs.org/axios/-/axios-0.19.2.tgz",
      "integrity": "sha512-fjgm5MvRHLhx+osE2xoekY70AhARk3a6hkN+3Io1jc00jtquGvxYlKlsFUhmUET0V5te6CcZI7lcv2Ym61mjHA==",
      "deprecated": "Critical security vulnerability fixed in v0.21.1. For more information, see https://github.com/axios/axios/pull/3410",
      "dependencies": {
        "follow-redirects": "1.5.10"
      }
    },
    "node_modules/base64-js": {
      "version": "1.5.1",
      "resolved": "https://registry.npmjs.org/base64-js/-/base64-js-1.5.1.tgz",
      "integrity": "sha512-AKpaYlHn8t4SVbOHCy+b5+KKgvR4vrsD8vbvrbiQJps7fKDTkjkDry6ji0rUJjC0kzbNePLwzxq8iypo41qeWA==",
      "funding": [
        {
          "type": "github",
          "url": "https://github.com/sponsors/feross"
        },
        {
          "type": "patreon",
          "url": "https://www.patreon.com/feross"
        },
        {
          "type": "consulting",
          "url": "https://feross.org/support"
        }
      ]
    },
    "node_modules/buffer": {
      "version": "4.9.1",
      "resolved": "https://registry.npmjs.org/buffer/-/buffer-4.9.1.tgz",
      "integrity": "sha512-DNK4ruAqtyHaN8Zne7PkBTO+dD1Lr0YfTduMqlIyjvQIoztBkUxrvL+hKeLW8NXFKHOq/2upkxuoS9znQ9bW9A==",
      "deprecated": "This version of 'buffer' is out-of-date. You must update to v4.9.2 or newer",
      "dependencies": {
        "base64-js": "^1.0.2",
        "ieee754": "^1.1.4",
        "isarray": "^1.0.0"
      }
    },
    "node_modules/crypto-js": {
      "version": "3.3.0",
      "resolved": "https://registry.npmjs.org/crypto-js/-/crypto-js-3.3.0.tgz",
      "integrity": "sha512-DIT51nX0dCfKltpRiXV+/TVZq+Qq2NgF4644+K7Ttnla7zEzqc+kjJyiB96BHNyUTBxyjzRcZYpUdZa+QAqi6Q=="
    },
    "node_modules/debug": {
      "version": "3.1.0",
      "resolved": "https://registry.npmjs.org/debug/-/debug-3.1.0.tgz",
      "integrity": "sha512-OX8XqP7/1a9cqkxYw2yXss15f26NKWBpDXQd0/uK/KPqdQhxbPa994hnzjcE2VqQpDslf55723cKPUOGSmMY3g==",
      "dependencies": {
        "ms": "2.0.0"
      }
    },
    "node_modules/events": {
      "version": "1.1.1",
      "resolved": "https://registry.npmjs.org/events/-/events-1.1.1.tgz",
      "integrity": "sha512-kEcvvCBByWXGnZy6JUlgAp2gBIUjfCAV6P6TgT1/aaQKcmuAEC4OZTV1I4EWQLz2gxZw76atuVyvHhTxvi0Flw==",
      "engines": {
        "node": ">=0.4.x"
      }
    },
    "node_modules/follow-redirects": {
      "version": "1.5.10",
      "resolved": "https://registry.npmjs.org/follow-redirects/-/follow-redirects-1.5.10.tgz",
      "integrity": "sha512-0V5l4Cizzvqt5D44aTXbFZz+FtyXV1vrDN6qrelxtfYQKW0KO0W2T/hkE8xvGa/540LkZlkaUjO4ailYTFtHVQ==",
      "dependencies": {
        "debug": "=3.1.0"
      },
      "engines": {
        "node": ">=4.0"
      }
    },
    "node_modules/graphql": {
      "version": "14.0.0",
      "resolved": "https://registry.npmjs.org/graphql/-/graphql-14.0.0.tgz",
      "integrity": "sha512-HGVcnO6B25YZcSt6ZsH6/N+XkYuPA7yMqJmlJ4JWxWlS4Tr8SHI56R1Ocs8Eor7V7joEZPRXPDH8RRdll1w44Q==",
      "dependencies": {
        "iterall": "^1.2.2"
      },
      "engines": {
        "node": "6.x || 8.x || >= 10.x"
      }
    },
    "node_modules/ieee754": {
      "version": "1.1.8",
      "resolved": "https://registry.npmjs.org/ieee754/-/ieee754-1.1.8.tgz",
      "integrity": "sha512-/aoyv2Nt7mGLnCAWzE0C1WH9Xd8ZsqR0f4Pjwxputi1JNm01+InyAYQotF4N+ulEIjbEsJo22NOHr+U/XEZ1Pw=="
    },
    "node_modules/isarray": {
      "version": "1.0.0",
      "resolved": "https://registry.npmjs.org/isarray/-/isarray-1.0.0.tgz",
      "integrity": "sha512-VLghIWNM6ELQzo7zwmcg0NmTVyWKYjvIeM83yjp0wRDTmUnrM678fQbcKBo6n2CJEF0szoG//ytg+TKla89ALQ=="
    },
    "node_modules/iterall": {
      "version": "1.3.0",
      "resolved": "https://registry.npmjs.org/iterall/-/iterall-1.3.0.tgz",
      "integrity": "sha512-QZ9qOMdF+QLHxy1QIpUHUU1D5pS2CG2P69LF6L6CPjPYA/XMOmKV3PZpawHoAjHNyB0swdVTRxdYT4tbBbxqwg=="
    },
    "node_modules/jmespath": {
      "version": "0.15.0",
      "resolved": "https://registry.npmjs.org/jmespath/-/jmespath-0.15.0.tgz",
      "integrity": "sha512-+kHj8HXArPfpPEKGLZ+kB5ONRTCiGQXo8RQYL0hH8t6pWXUBBK5KkkQmTNOwKK4LEsd0yTsgtjJVm4UBSZea4w==",
      "engines": {
        "node": ">= 0.6.0"
      }
    },
    "node_modules/js-cookie": {
      "version": "2.2.1",
      "resolved": "https://registry.npmjs.org/js-cookie/-/js-cookie-2.2.1.tgz",
      "integrity": "sha512-HvdH2LzI/EAZcUwA8+0nKNtWHqS+ZmijLA30RwZA0bo7ToCckjK5MkGhjED9KoRcXO6BaGI3I9UIzSA1FKFPOQ=="
    },
    "node_modules/ms": {
      "version": "2.0.0",
      "resolved": "https://registry.npmjs.org/ms/-/ms-2.0.0.tgz",
      "integrity": "sha512-Tpp60P6IUJDTuOq/5Z8cdskzJujfwqfOTkrwIwj7IRISpnkJnT6SyJ4PCPnGMoFjC9ddhal5KVIYtAt97ix05A=="
    },
    "node_modules/paho-mqtt": {
      "version": "1.1.0",
      "resolved": "https://registry.npmjs.org/paho-mqtt/-/paho-mqtt-1.1.0.tgz",
      "integrity": "sha512-KPbL9KAB0ASvhSDbOrZBaccXS+/s7/LIofbPyERww8hM5Ko71GUJQ6Nmg0BWqj8phAIT8zdf/Sd/RftHU9i2HA=="
    },
    "node_modules/punycode": {
      "version": "1.3.2",
      "resolved": "https://registry.npmjs.org/punycode/-/punycode-1.3.2.tgz",
      "integrity": "sha512-RofWgt/7fL5wP1Y7fxE7/EmTLzQVnB0ycyibJ0OOHIlJqTNzglYFxVwETOcIoJqJmpDXJ9xImDv+Fq34F/d4Dw=="
    },
    "node_modules/querystring": {
      "version": "0.2.0",
      "resolved": "https://registry.npmjs.org/querystring/-/querystring-0.2.0.tgz",
      "integrity": "sha512-X/xY82scca2tau62i9mDyU9K+I+djTMUsvwf7xnUX5GLvVzgJybOJf4Y6o9Zx3oJK/LSXg5tTZBjwzqVPaPO2g==",
      "deprecated": "The querystring API is considered Legacy. new code should use the URLSearchParams API instead.",
      "engines": {
        "node": ">=0.4.x"
      }
    },
    "node_modules/sax": {
      "version": "1.2.1",
      "resolved": "https://registry.npmjs.org/sax/-/sax-1.2.1.tgz",
      "integrity": "sha512-8I2a3LovHTOpm7NV5yOyO8IHqgVsfK4+UuySrXU8YXkSRX7k6hCV9b3HrkKCr3nMpgj+0bmocaJJWpvp1oc7ZA=="
    },
    "node_modules/url": {
      "version": "0.11.0",
      "resolved": "https://registry.npmjs.org/url/-/url-0.11.0.tgz",
      "integrity": "sha512-kbailJa29QrtXnxgq+DdCEGlbTeYM2eJUxsz6vjZavrCYPMIFHMKQmSKYAIuUK2i7hgPm28a8piX5NTUtM/LKQ==",
      "dependencies": {
        "punycode": "1.3.2",
        "querystring": "0.2.0"
      }
    },
    "node_modules/uuid": {
      "version": "3.4.0",
      "resolved": "https://registry.npmjs.org/uuid/-/uuid-3.4.0.tgz",
      "integrity": "sha512-HjSDRw6gZE5JMggctHBcjVak08+KEVhSIiDzFnT9S9aegmp85S/bReBVTb4QTFaRNptJ9kuYaNhnbNEOkbKb/A==",
      "deprecated": "Please upgrade  to version 7 or higher.  Older versions may use Math.random() in certain circumstances, which is known to be problematic.  See https://v8.dev/blog/math-random for details.",
      "bin": {
        "uuid": "bin/uuid"
      }
    },
    "node_modules/xml2js": {
      "version": "0.4.19",
      "resolved": "https://registry.npmjs.org/xml2js/-/xml2js-0.4.19.tgz",
      "integrity": "sha512-esZnJZJOiJR9wWKMyuvSE1y6Dq5LCuJanqhxslH2bxM6duahNZ+HMpCLhBQGZkbX6xRf8x1Y2eJlgt2q3qo49Q==",
      "dependencies": {
        "sax": ">=0.6.0",
        "xmlbuilder": "~9.0.1"
      }
    },
    "node_modules/xmlbuilder": {
      "version": "9.0.7",
      "resolved": "https://registry.npmjs.org/xmlbuilder/-/xmlbuilder-9.0.7.tgz",
      "integrity": "sha512-7YXTQc3P2l9+0rjaUbLwMKRhtmwg1M1eDf6nag7urC7pIPYLD9W/jmzQ4ptRSUbodw5S0jfoGTflLemQibSpeQ==",
      "engines": {
        "node": ">=4.0"
      }
    },
    "node_modules/zen-observable": {
      "version": "0.8.15",
      "resolved": "https://registry.npmjs.org/zen-observable/-/zen-observable-0.8.15.tgz",
      "integrity": "sha512-PQ2PC7R9rslx84ndNBZB/Dkv8V8fZEpk83RLgXtYd0fwUgEjseMn1Dgajh2x6S8QbZAFa9p2qVCEuYZNgve0dQ=="
    }
  }
}
